
Microsoft Visual Studio Solution File, Format Version 12.00
# Visual Studio Version 16
VisualStudioVersion = 16.0.31424.327
MinimumVisualStudioVersion = 10.0.40219.1
Project("{FAE04EC0-301F-11D3-BF4B-00C04F79EFBC}") = "EvedinceFinal", "EvedinceFinal.csproj", "{EAAE7517-CD0B-442E-8C86-1F33D0B6C5C6}"
EndProject
Global
	GlobalSection(SolutionConfigurationPlatforms) = preSolution
		Debug|Any CPU = Debug|Any CPU
		Release|Any CPU = Release|Any CPU
	EndGlobalSection
	GlobalSection(ProjectConfigurationPlatforms) = postSolution
		{EAAE7517-CD0B-442E-8C86-1F33D0B6C5C6}.Debug|Any CPU.ActiveCfg = Debug|Any CPU
		{EAAE7517-CD0B-442E-8C86-1F33D0B6C5C6}.Debug|Any CPU.Build.0 = Debug|Any CPU
		{EAAE7517-CD0B-442E-8C86-1F33D0B6C5C6}.Release|Any CPU.ActiveCfg = Release|Any CPU
		{EAAE7517-CD0B-442E-8C86-1F33D0B6C5C6}.Release|Any CPU.Build.0 = Release|Any CPU
	EndGlobalSection
	GlobalSection(SolutionProperties) = preSolution
		HideSolutionNode = FALSE
	EndGlobalSection
	GlobalSection(ExtensibilityGlobals) = postSolution
		SolutionGuid = {9A64B76E-810E-4D90-B4C6-0EDB2321B14D}
	EndGlobalSection
EndGlobal
